
Microsoft Visual Studio Solution File, Format Version 12.00
# Visual Studio 15
VisualStudioVersion = 15.0.27428.2037
MinimumVisualStudioVersion = 10.0.40219.1
Project("{FAE04EC0-301F-11D3-BF4B-00C04F79EFBC}") = "Api", "Api\Api.csproj", "{BA274CBD-2AAE-4A79-9958-88CB05D00287}"
EndProject
Global
	GlobalSection(SolutionConfigurationPlatforms) = preSolution
		Debug|Any CPU = Debug|Any CPU
		Release|Any CPU = Release|Any CPU
	EndGlobalSection
	GlobalSection(ProjectConfigurationPlatforms) = postSolution
		{BA274CBD-2AAE-4A79-9958-88CB05D00287}.Debug|Any CPU.ActiveCfg = Debug|Any CPU
		{BA274CBD-2AAE-4A79-9958-88CB05D00287}.Debug|Any CPU.Build.0 = Debug|Any CPU
		{BA274CBD-2AAE-4A79-9958-88CB05D00287}.Release|Any CPU.ActiveCfg = Release|Any CPU
		{BA274CBD-2AAE-4A79-9958-88CB05D00287}.Release|Any CPU.Build.0 = Release|Any CPU
	EndGlobalSection
	GlobalSection(SolutionProperties) = preSolution
		HideSolutionNode = FALSE
	EndGlobalSection
	GlobalSection(ExtensibilityGlobals) = postSolution
		SolutionGuid = {E3113DE6-DB42-4BA2-A649-C3946C5A47AC}
	EndGlobalSection
EndGlobal
